
Microsoft Visual Studio Solution File, Format Version 12.00
# Visual Studio Version 16
VisualStudioVersion = 16.0.31112.23
MinimumVisualStudioVersion = 10.0.40219.1
Project("{FAE04EC0-301F-11D3-BF4B-00C04F79EFBC}") = "CrateInfoScan", "CrateInfoScan.csproj", "{555B5014-3015-4F08-AC30-B601FA3F0338}"
EndProject
Project("{FAE04EC0-301F-11D3-BF4B-00C04F79EFBC}") = "WindowsFormsApp1", "..\WindowsFormsApp1\WindowsFormsApp1.csproj", "{96E7B184-B8F7-4044-AF09-847427E49DC9}"
EndProject
Global
	GlobalSection(SolutionConfigurationPlatforms) = preSolution
		Debug|Any CPU = Debug|Any CPU
		Release|Any CPU = Release|Any CPU
	EndGlobalSection
	GlobalSection(ProjectConfigurationPlatforms) = postSolution
		{555B5014-3015-4F08-AC30-B601FA3F0338}.Debug|Any CPU.ActiveCfg = Debug|Any CPU
		{555B5014-3015-4F08-AC30-B601FA3F0338}.Debug|Any CPU.Build.0 = Debug|Any CPU
		{555B5014-3015-4F08-AC30-B601FA3F0338}.Release|Any CPU.ActiveCfg = Release|Any CPU
		{555B5014-3015-4F08-AC30-B601FA3F0338}.Release|Any CPU.Build.0 = Release|Any CPU
		{96E7B184-B8F7-4044-AF09-847427E49DC9}.Debug|Any CPU.ActiveCfg = Debug|Any CPU
		{96E7B184-B8F7-4044-AF09-847427E49DC9}.Debug|Any CPU.Build.0 = Debug|Any CPU
		{96E7B184-B8F7-4044-AF09-847427E49DC9}.Release|Any CPU.ActiveCfg = Release|Any CPU
		{96E7B184-B8F7-4044-AF09-847427E49DC9}.Release|Any CPU.Build.0 = Release|Any CPU
	EndGlobalSection
	GlobalSection(SolutionProperties) = preSolution
		HideSolutionNode = FALSE
	EndGlobalSection
	GlobalSection(ExtensibilityGlobals) = postSolution
		SolutionGuid = {2AFE8777-E0BD-465F-BBC1-2ADDAE3A177C}
	EndGlobalSection
EndGlobal
